// !$*UTF8*$!
{
	archiveVersion = 1;
	classes = {
	};
	objectVersion = 46;
	objects = {

/* Begin PBXBuildFile section */
		2F2507361C002D4F001A43F2 /* main.m in Sources */ = {isa = PBXBuildFile; fileRef = 2F2507351C002D4F001A43F2 /* main.m */; };
		2F2507391C002D4F001A43F2 /* AppDelegate.m in Sources */ = {isa = PBXBuildFile; fileRef = 2F2507381C002D4F001A43F2 /* AppDelegate.m */; };
		2F25073C1C002D4F001A43F2 /* ViewController.m in Sources */ = {isa = PBXBuildFile; fileRef = 2F25073B1C002D4F001A43F2 /* ViewController.m */; };
		2F25073F1C002D4F001A43F2 /* Main.storyboard in Resources */ = {isa = PBXBuildFile; fileRef = 2F25073D1C002D4F001A43F2 /* Main.storyboard */; };
		2F2507411C002D4F001A43F2 /* Images.xcassets in Resources */ = {isa = PBXBuildFile; fileRef = 2F2507401C002D4F001A43F2 /* Images.xcassets */; };
		2F2507441C002D4F001A43F2 /* LaunchScreen.xib in Resources */ = {isa = PBXBuildFile; fileRef = 2F2507421C002D4F001A43F2 /* LaunchScreen.xib */; };
		2F2507501C002D4F001A43F2 /* tableviewEditTests.m in Sources */ = {isa = PBXBuildFile; fileRef = 2F25074F1C002D4F001A43F2 /* tableviewEditTests.m */; };
/* End PBXBuildFile section */

/* Begin PBXContainerItemProxy section */
		2F25074A1C002D4F001A43F2 /* PBXContainerItemProxy */ = {
			isa = PBXContainerItemProxy;
			containerPortal = 2F2507281C002D4F001A43F2 /* Project object */;
			proxyType = 1;
			remoteGlobalIDString = 2F25072F1C002D4F001A43F2;
			remoteInfo = tableviewEdit;
		};
/* End PBXContainerItemProxy section */

/* Begin PBXFileReference section */
		2F2507301C002D4F001A43F2 /* tableviewEdit.app */ = {isa = PBXFileReference; explicitFileType = wrapper.application; includeInIndex = 0; path = tableviewEdit.app; sourceTree = BUILT_PRODUCTS_DIR; };
		2F2507341C002D4F001A43F2 /* Info.plist */ = {isa = PBXFileReference; lastKnownFileType = text.plist.xml; path = Info.plist; sourceTree = "<group>"; };
		2F2507351C002D4F001A43F2 /* main.m */ = {isa = PBXFileReference; lastKnownFileType = sourcecode.c.objc; path = main.m; sourceTree = "<group>"; };
		2F2507371C002D4F001A43F2 /* AppDelegate.h */ = {isa = PBXFileReference; lastKnownFileType = sourcecode.c.h; path = AppDelegate.h; sourceTree = "<group>"; };
		2F2507381C002D4F001A43F2 /* AppDelegate.m */ = {isa = PBXFileReference; lastKnownFileType = sourcecode.c.objc; path = AppDelegate.m; sourceTree = "<group>"; };
		2F25073A1C002D4F001A43F2 /* ViewController.h */ = {isa = PBXFileReference; lastKnownFileType = sourcecode.c.h; path = ViewController.h; sourceTree = "<group>"; };
		2F25073B1C002D4F001A43F2 /* ViewController.m */ = {isa = PBXFileReference; lastKnownFileType = sourcecode.c.objc; path = ViewController.m; sourceTree = "<group>"; };
		2F25073E1C002D4F001A43F2 /* Base */ = {isa = PBXFileReference; lastKnownFileType = file.storyboard; name = Base; path = Base.lproj/Main.storyboard; sourceTree = "<group>"; };
		2F2507401C002D4F001A43F2 /* Images.xcassets */ = {isa = PBXFileReference; lastKnownFileType = folder.assetcatalog; path = Images.xcassets; sourceTree = "<group>"; };
		2F2507431C002D4F001A43F2 /* Base */ = {isa = PBXFileReference; lastKnownFileType = file.xib; name = Base; path = Base.lproj/LaunchScreen.xib; sourceTree = "<group>"; };
		2F2507491C002D4F001A43F2 /* tableviewEditTests.xctest */ = {isa = PBXFileReference; explicitFileType = wrapper.cfbundle; includeInIndex = 0; path = tableviewEditTests.xctest; sourceTree = BUILT_PRODUCTS_DIR; };
		2F25074E1C002D4F001A43F2 /* Info.plist */ = {isa = PBXFileReference; lastKnownFileType = text.plist.xml; path = Info.plist; sourceTree = "<group>"; };
		2F25074F1C002D4F001A43F2 /* tableviewEditTests.m */ = {isa = PBXFileReference; lastKnownFileType = sourcecode.c.objc; path = tableviewEditTests.m; sourceTree = "<group>"; };
/* End PBXFileReference section */

/* Begin PBXFrameworksBuildPhase section */
		2F25072D1C002D4F001A43F2 /* Frameworks */ = {
			isa = PBXFrameworksBuildPhase;
			buildActionMask = 2147483647;
			files = (
			);
			runOnlyForDeploymentPostprocessing = 0;
		};
		2F2507461C002D4F001A43F2 /* Frameworks */ = {
			isa = PBXFrameworksBuildPhase;
			buildActionMask = 2147483647;
			files = (
			);
			runOnlyForDeploymentPostprocessing = 0;
		};
/* End PBXFrameworksBuildPhase section */

/* Begin PBXGroup section */
		2F2507271C002D4F001A43F2 = {
			isa = PBXGroup;
			children = (
				2F2507321C002D4F001A43F2 /* tableviewEdit */,
				2F25074C1C002D4F001A43F2 /* tableviewEditTests */,
				2F2507311C002D4F001A43F2 /* Products */,
			);
			sourceTree = "<group>";
		};
		2F2507311C002D4F001A43F2 /* Products */ = {
			isa = PBXGroup;
			children = (
				2F2507301C002D4F001A43F2 /* tableviewEdit.app */,
				2F2507491C002D4F001A43F2 /* tableviewEditTests.xctest */,
			);
			name = Products;
			sourceTree = "<group>";
		};
		2F2507321C002D4F001A43F2 /* tableviewEdit */ = {
			isa = PBXGroup;
			children = (
				2F2507371C002D4F001A43F2 /* AppDelegate.h */,
				2F2507381C002D4F001A43F2 /* AppDelegate.m */,
				2F25073A1C002D4F001A43F2 /* ViewController.h */,
				2F25073B1C002D4F001A43F2 /* ViewController.m */,
				2F25073D1C002D4F001A43F2 /* Main.storyboard */,
				2F2507401C002D4F001A43F2 /* Images.xcassets */,
				2F2507421C002D4F001A43F2 /* LaunchScreen.xib */,
				2F2507331C002D4F001A43F2 /* Supporting Files */,
			);
			path = tableviewEdit;
			sourceTree = "<group>";
		};
		2F2507331C002D4F001A43F2 /* Supporting Files */ = {
			isa = PBXGroup;
			children = (
				2F2507341C002D4F001A43F2 /* Info.plist */,
				2F2507351C002D4F001A43F2 /* main.m */,
			);
			name = "Supporting Files";
			sourceTree = "<group>";
		};
		2F25074C1C002D4F001A43F2 /* tableviewEditTests */ = {
			isa = PBXGroup;
			children = (
				2F25074F1C002D4F001A43F2 /* tableviewEditTests.m */,
				2F25074D1C002D4F001A43F2 /* Supporting Files */,
			);
			path = tableviewEditTests;
			sourceTree = "<group>";
		};
		2F25074D1C002D4F001A43F2 /* Supporting Files */ = {
			isa = PBXGroup;
			children = (
				2F25074E1C002D4F001A43F2 /* Info.plist */,
			);
			name = "Supporting Files";
			sourceTree = "<group>";
		};
/* End PBXGroup section */

/* Begin PBXNativeTarget section */
		2F25072F1C002D4F001A43F2 /* tableviewEdit */ = {
			isa = PBXNativeTarget;
			buildConfigurationList = 2F2507531C002D4F001A43F2 /* Build configuration list for PBXNativeTarget "tableviewEdit" */;
			buildPhases = (
				2F25072C1C002D4F001A43F2 /* Sources */,
				2F25072D1C002D4F001A43F2 /* Frameworks */,
				2F25072E1C002D4F001A43F2 /* Resources */,
			);
			buildRules = (
			);
			dependencies = (
			);
			name = tableviewEdit;
			productName = tableviewEdit;
			productReference = 2F2507301C002D4F001A43F2 /* tableviewEdit.app */;
			productType = "com.apple.product-type.application";
		};
		2F2507481C002D4F001A43F2 /* tableviewEditTests */ = {
			isa = PBXNativeTarget;
			buildConfigurationList = 2F2507561C002D4F001A43F2 /* Build configuration list for PBXNativeTarget "tableviewEditTests" */;
			buildPhases = (
				2F2507451C002D4F001A43F2 /* Sources */,
				2F2507461C002D4F001A43F2 /* Frameworks */,
				2F2507471C002D4F001A43F2 /* Resources */,
			);
			buildRules = (
			);
			dependencies = (
				2F25074B1C002D4F001A43F2 /* PBXTargetDependency */,
			);
			name = tableviewEditTests;
			productName = tableviewEditTests;
			productReference = 2F2507491C002D4F001A43F2 /* tableviewEditTests.xctest */;
			productType = "com.apple.product-type.bundle.unit-test";
		};
/* End PBXNativeTarget section */

/* Begin PBXProject section */
		2F2507281C002D4F001A43F2 /* Project object */ = {
			isa = PBXProject;
			attributes = {
				LastUpgradeCheck = 0640;
				ORGANIZATIONNAME = andthink;
				TargetAttributes = {
					2F25072F1C002D4F001A43F2 = {
						CreatedOnToolsVersion = 6.4;
					};
					2F2507481C002D4F001A43F2 = {
						CreatedOnToolsVersion = 6.4;
						TestTargetID = 2F25072F1C002D4F001A43F2;
					};
				};
			};
			buildConfigurationList = 2F25072B1C002D4F001A43F2 /* Build configuration list for PBXProject "tableviewEdit" */;
			compatibilityVersion = "Xcode 3.2";
			developmentRegion = English;
			hasScannedForEncodings = 0;
			knownRegions = (
				en,
				Base,
			);
			mainGroup = 2F2507271C002D4F001A43F2;
			productRefGroup = 2F2507311C002D4F001A43F2 /* Products */;
			projectDirPath = "";
			projectRoot = "";
			targets = (
				2F25072F1C002D4F001A43F2 /* tableviewEdit */,
				2F2507481C002D4F001A43F2 /* tableviewEditTests */,
			);
		};
/* End PBXProject section */

/* Begin PBXResourcesBuildPhase section */
		2F25072E1C002D4F001A43F2 /* Resources */ = {
			isa = PBXResourcesBuildPhase;
			buildActionMask = 2147483647;
			files = (
				2F25073F1C002D4F001A43F2 /* Main.storyboard in Resources */,
				2F2507441C002D4F001A43F2 /* LaunchScreen.xib in Resources */,
				2F2507411C002D4F001A43F2 /* Images.xcassets in Resources */,
			);
			runOnlyForDeploymentPostprocessing = 0;
		};
		2F2507471C002D4F001A43F2 /* Resources */ = {
			isa = PBXResourcesBuildPhase;
			buildActionMask = 2147483647;
			files = (
			);
			runOnlyForDeploymentPostprocessing = 0;
		};
/* End PBXResourcesBuildPhase section */

/* Begin PBXSourcesBuildPhase section */
		2F25072C1C002D4F001A43F2 /* Sources */ = {
			isa = PBXSourcesBuildPhase;
			buildActionMask = 2147483647;
			files = (
				2F25073C1C002D4F001A43F2 /* ViewController.m in Sources */,
				2F2507391C002D4F001A43F2 /* AppDelegate.m in Sources */,
				2F2507361C002D4F001A43F2 /* main.m in Sources */,
			);
			runOnlyForDeploymentPostprocessing = 0;
		};
		2F2507451C002D4F001A43F2 /* Sources */ = {
			isa = PBXSourcesBuildPhase;
			buildActionMask = 2147483647;
			files = (
				2F2507501C002D4F001A43F2 /* tableviewEditTests.m in Sources */,
			);
			runOnlyForDeploymentPostprocessing = 0;
		};
/* End PBXSourcesBuildPhase section */

/* Begin PBXTargetDependency section */
		2F25074B1C002D4F001A43F2 /* PBXTargetDependency */ = {
			isa = PBXTargetDependency;
			target = 2F25072F1C002D4F001A43F2 /* tableviewEdit */;
			targetProxy = 2F25074A1C002D4F001A43F2 /* PBXContainerItemProxy */;
		};
/* End PBXTargetDependency section */

/* Begin PBXVariantGroup section */
		2F25073D1C002D4F001A43F2 /* Main.storyboard */ = {
			isa = PBXVariantGroup;
			children = (
				2F25073E1C002D4F001A43F2 /* Base */,
			);
			name = Main.storyboard;
			sourceTree = "<group>";
		};
		2F2507421C002D4F001A43F2 /* LaunchScreen.xib */ = {
			isa = PBXVariantGroup;
			children = (
				2F2507431C002D4F001A43F2 /* Base */,
			);
			name = LaunchScreen.xib;
			sourceTree = "<group>";
		};
/* End PBXVariantGroup section */

/* Begin XCBuildConfiguration section */
		2F2507511C002D4F001A43F2 /* Debug */ = {
			isa = XCBuildConfiguration;
			buildSettings = {
				ALWAYS_SEARCH_USER_PATHS = NO;
				CLANG_CXX_LANGUAGE_STANDARD = "gnu++0x";
				CLANG_CXX_LIBRARY = "libc++";
				CLANG_ENABLE_MODULES = YES;
				CLANG_ENABLE_OBJC_ARC = YES;
				CLANG_WARN_BOOL_CONVERSION = YES;
				CLANG_WARN_CONSTANT_CONVERSION = YES;
				CLANG_WARN_DIRECT_OBJC_ISA_USAGE = YES_ERROR;
				CLANG_WARN_EMPTY_BODY = YES;
				CLANG_WARN_ENUM_CONVERSION = YES;
				CLANG_WARN_INT_CONVERSION = YES;
				CLANG_WARN_OBJC_ROOT_CLASS = YES_ERROR;
				CLANG_WARN_UNREACHABLE_CODE = YES;
				CLANG_WARN__DUPLICATE_METHOD_MATCH = YES;
				"CODE_SIGN_IDENTITY[sdk=iphoneos*]" = "iPhone Developer";
				COPY_PHASE_STRIP = NO;
				DEBUG_INFORMATION_FORMAT = "dwarf-with-dsym";
				ENABLE_STRICT_OBJC_MSGSEND = YES;
				GCC_C_LANGUAGE_STANDARD = gnu99;
				GCC_DYNAMIC_NO_PIC = NO;
				GCC_NO_COMMON_BLOCKS = YES;
				GCC_OPTIMIZATION_LEVEL = 0;
				GCC_PREPROCESSOR_DEFINITIONS = (
					"DEBUG=1",
					"$(inherited)",
				);
				GCC_SYMBOLS_PRIVATE_EXTERN = NO;
				GCC_WARN_64_TO_32_BIT_CONVERSION = YES;
				GCC_WARN_ABOUT_RETURN_TYPE = YES_ERROR;
				GCC_WARN_UNDECLARED_SELECTOR = YES;
				GCC_WARN_UNINITIALIZED_AUTOS = YES_AGGRESSIVE;
				GCC_WARN_UNUSED_FUNCTION = YES;
				GCC_WARN_UNUSED_VARIABLE = YES;
				IPHONEOS_DEPLOYMENT_TARGET = 8.4;
				MTL_ENABLE_DEBUG_INFO = YES;
				ONLY_ACTIVE_ARCH = YES;
				SDKROOT = iphoneos;
			};
			name = Debug;
		};
		2F2507521C002D4F001A43F2 /* Release */ = {
			isa = XCBuildConfiguration;
			buildSettings = {
				ALWAYS_SEARCH_USER_PATHS = NO;
				CLANG_CXX_LANGUAGE_STANDARD = "gnu++0x";
				CLANG_CXX_LIBRARY = "libc++";
				CLANG_ENABLE_MODULES = YES;
				CLANG_ENABLE_OBJC_ARC = YES;
				CLANG_WARN_BOOL_CONVERSION = YES;
				CLANG_WARN_CONSTANT_CONVERSION = YES;
				CLANG_WARN_DIRECT_OBJC_ISA_USAGE = YES_ERROR;
				CLANG_WARN_EMPTY_BODY = YES;
				CLANG_WARN_ENUM_CONVERSION = YES;
				CLANG_WARN_INT_CONVERSION = YES;
				CLANG_WARN_OBJC_ROOT_CLASS = YES_ERROR;
				CLANG_WARN_UNREACHABLE_CODE = YES;
				CLANG_WARN__DUPLICATE_METHOD_MATCH = YES;
				"CODE_SIGN_IDENTITY[sdk=iphoneos*]" = "iPhone Developer";
				COPY_PHASE_STRIP = NO;
				DEBUG_INFORMATION_FORMAT = "dwarf-with-dsym";
				ENABLE_NS_ASSERTIONS = NO;
				ENABLE_STRICT_OBJC_MSGSEND = YES;
				GCC_C_LANGUAGE_STANDARD = gnu99;
				GCC_NO_COMMON_BLOCKS = YES;
				GCC_WARN_64_TO_32_BIT_CONVERSION = YES;
				GCC_WARN_ABOUT_RETURN_TYPE = YES_ERROR;
				GCC_WARN_UNDECLARED_SELECTOR = YES;
				GCC_WARN_UNINITIALIZED_AUTOS = YES_AGGRESSIVE;
				GCC_WARN_UNUSED_FUNCTION = YES;
				GCC_WARN_UNUSED_VARIABLE = YES;
				IPHONEOS_DEPLOYMENT_TARGET = 8.4;
				MTL_ENABLE_DEBUG_INFO = NO;
				SDKROOT = iphoneos;
				VALIDATE_PRODUCT = YES;
			};
			name = Release;
		};
		2F2507541C002D4F001A43F2 /* Debug */ = {
			isa = XCBuildConfiguration;
			buildSettings = {
				ASSETCATALOG_COMPILER_APPICON_NAME = AppIcon;
				INFOPLIST_FILE = tableviewEdit/Info.plist;
				LD_RUNPATH_SEARCH_PATHS = "$(inherited) @executable_path/Frameworks";
				PRODUCT_NAME = "$(TARGET_NAME)";
			};
			name = Debug;
		};
		2F2507551C002D4F001A43F2 /* Release */ = {
			isa = XCBuildConfiguration;
			buildSettings = {
				ASSETCATALOG_COMPILER_APPICON_NAME = AppIcon;
				INFOPLIST_FILE = tableviewEdit/Info.plist;
				LD_RUNPATH_SEARCH_PATHS = "$(inherited) @executable_path/Frameworks";
				PRODUCT_NAME = "$(TARGET_NAME)";
			};
			name = Release;
		};
		2F2507571C002D4F001A43F2 /* Debug */ = {
			isa = XCBuildConfiguration;
			buildSettings = {
				BUNDLE_LOADER = "$(TEST_HOST)";
				FRAMEWORK_SEARCH_PATHS = (
					"$(SDKROOT)/Developer/Library/Frameworks",
					"$(inherited)",
				);
				GCC_PREPROCESSOR_DEFINITIONS = (
					"DEBUG=1",
					"$(inherited)",
				);
				INFOPLIST_FILE = tableviewEditTests/Info.plist;
				LD_RUNPATH_SEARCH_PATHS = "$(inherited) @executable_path/Frameworks @loader_path/Frameworks";
				PRODUCT_NAME = "$(TARGET_NAME)";
				TEST_HOST = "$(BUILT_PRODUCTS_DIR)/tableviewEdit.app/tableviewEdit";
			};
			name = Debug;
		};
		2F2507581C002D4F001A43F2 /* Release */ = {
			isa = XCBuildConfiguration;
			buildSettings = {
				BUNDLE_LOADER = "$(TEST_HOST)";
				FRAMEWORK_SEARCH_PATHS = (
					"$(SDKROOT)/Developer/Library/Frameworks",
					"$(inherited)",
				);
				INFOPLIST_FILE = tableviewEditTests/Info.plist;
				LD_RUNPATH_SEARCH_PATHS = "$(inherited) @executable_path/Frameworks @loader_path/Frameworks";
				PRODUCT_NAME = "$(TARGET_NAME)";
				TEST_HOST = "$(BUILT_PRODUCTS_DIR)/tableviewEdit.app/tableviewEdit";
			};
			name = Release;
		};
/* End XCBuildConfiguration section */

/* Begin XCConfigurationList section */
		2F25072B1C002D4F001A43F2 /* Build configuration list for PBXProject "tableviewEdit" */ = {
			isa = XCConfigurationList;
			buildConfigurations = (
				2F2507511C002D4F001A43F2 /* Debug */,
				2F2507521C002D4F001A43F2 /* Release */,
			);
			defaultConfigurationIsVisible = 0;
			defaultConfigurationName = Release;
		};
		2F2507531C002D4F001A43F2 /* Build configuration list for PBXNativeTarget "tableviewEdit" */ = {
			isa = XCConfigurationList;
			buildConfigurations = (
				2F2507541C002D4F001A43F2 /* Debug */,
				2F2507551C002D4F001A43F2 /* Release */,
			);
			defaultConfigurationIsVisible = 0;
		};
		2F2507561C002D4F001A43F2 /* Build configuration list for PBXNativeTarget "tableviewEditTests" */ = {
			isa = XCConfigurationList;
			buildConfigurations = (
				2F2507571C002D4F001A43F2 /* Debug */,
				2F2507581C002D4F001A43F2 /* Release */,
			);
			defaultConfigurationIsVisible = 0;
		};
/* End XCConfigurationList section */
	};
	rootObject = 2F2507281C002D4F001A43F2 /* Project object */;
}
